
Microsoft Visual Studio Solution File, Format Version 12.00
# Visual Studio Version 16
VisualStudioVersion = 16.0.29728.190
MinimumVisualStudioVersion = 10.0.40219.1
Project("{FAE04EC0-301F-11D3-BF4B-00C04F79EFBC}") = "GrpcServer", "GrpcServer\GrpcServer.csproj", "{C77FF44E-CCDC-4903-8DF0-6125C8D79D42}"
EndProject
Project("{FAE04EC0-301F-11D3-BF4B-00C04F79EFBC}") = "GrpcClient", "GrpcClient\GrpcClient.csproj", "{D84A389D-7AD1-4585-95EE-719D1BAA8EFD}"
EndProject
Global
	GlobalSection(SolutionConfigurationPlatforms) = preSolution
		Debug|Any CPU = Debug|Any CPU
		Release|Any CPU = Release|Any CPU
	EndGlobalSection
	GlobalSection(ProjectConfigurationPlatforms) = postSolution
		{C77FF44E-CCDC-4903-8DF0-6125C8D79D42}.Debug|Any CPU.ActiveCfg = Debug|Any CPU
		{C77FF44E-CCDC-4903-8DF0-6125C8D79D42}.Debug|Any CPU.Build.0 = Debug|Any CPU
		{C77FF44E-CCDC-4903-8DF0-6125C8D79D42}.Release|Any CPU.ActiveCfg = Release|Any CPU
		{C77FF44E-CCDC-4903-8DF0-6125C8D79D42}.Release|Any CPU.Build.0 = Release|Any CPU
		{D84A389D-7AD1-4585-95EE-719D1BAA8EFD}.Debug|Any CPU.ActiveCfg = Debug|Any CPU
		{D84A389D-7AD1-4585-95EE-719D1BAA8EFD}.Debug|Any CPU.Build.0 = Debug|Any CPU
		{D84A389D-7AD1-4585-95EE-719D1BAA8EFD}.Release|Any CPU.ActiveCfg = Release|Any CPU
		{D84A389D-7AD1-4585-95EE-719D1BAA8EFD}.Release|Any CPU.Build.0 = Release|Any CPU
	EndGlobalSection
	GlobalSection(SolutionProperties) = preSolution
		HideSolutionNode = FALSE
	EndGlobalSection
	GlobalSection(ExtensibilityGlobals) = postSolution
		SolutionGuid = {87F5E2B0-89A0-403E-A221-611EF30B8ACA}
	EndGlobalSection
EndGlobal
